
Microsoft Visual Studio Solution File, Format Version 12.00
# Visual Studio 15
VisualStudioVersion = 15.0.28307.438
MinimumVisualStudioVersion = 10.0.40219.1
Project("{FAE04EC0-301F-11D3-BF4B-00C04F79EFBC}") = "CreateFourItems", "CreateFourItems\CreateFourItems.csproj", "{7C38F84E-0970-4C74-A0C6-656EBB244E20}"
EndProject
Project("{FAE04EC0-301F-11D3-BF4B-00C04F79EFBC}") = "Equation", "Equation\Equation.csproj", "{1371A839-1131-4174-9007-F443024481FA}"
EndProject
Global
	GlobalSection(SolutionConfigurationPlatforms) = preSolution
		Debug|Any CPU = Debug|Any CPU
		Release|Any CPU = Release|Any CPU
	EndGlobalSection
	GlobalSection(ProjectConfigurationPlatforms) = postSolution
		{7C38F84E-0970-4C74-A0C6-656EBB244E20}.Debug|Any CPU.ActiveCfg = Debug|Any CPU
		{7C38F84E-0970-4C74-A0C6-656EBB244E20}.Debug|Any CPU.Build.0 = Debug|Any CPU
		{7C38F84E-0970-4C74-A0C6-656EBB244E20}.Release|Any CPU.ActiveCfg = Release|Any CPU
		{7C38F84E-0970-4C74-A0C6-656EBB244E20}.Release|Any CPU.Build.0 = Release|Any CPU
		{1371A839-1131-4174-9007-F443024481FA}.Debug|Any CPU.ActiveCfg = Debug|Any CPU
		{1371A839-1131-4174-9007-F443024481FA}.Debug|Any CPU.Build.0 = Debug|Any CPU
		{1371A839-1131-4174-9007-F443024481FA}.Release|Any CPU.ActiveCfg = Release|Any CPU
		{1371A839-1131-4174-9007-F443024481FA}.Release|Any CPU.Build.0 = Release|Any CPU
	EndGlobalSection
	GlobalSection(SolutionProperties) = preSolution
		HideSolutionNode = FALSE
	EndGlobalSection
	GlobalSection(ExtensibilityGlobals) = postSolution
		SolutionGuid = {526304B0-D2ED-46A0-AA36-A8769FDA6B35}
	EndGlobalSection
EndGlobal
