
Microsoft Visual Studio Solution File, Format Version 12.00
# Visual Studio 15
VisualStudioVersion = 15.0.28307.489
MinimumVisualStudioVersion = 10.0.40219.1
Project("{FAE04EC0-301F-11D3-BF4B-00C04F79EFBC}") = "Operation", "Operation\Operation.csproj", "{1FD4ACCA-F651-4F26-9CA4-CF1FA8EB98B6}"
EndProject
Project("{FAE04EC0-301F-11D3-BF4B-00C04F79EFBC}") = "Save", "Save\Save.csproj", "{6502EE9A-7A84-401A-B4BC-2617145BA22A}"
EndProject
Global
	GlobalSection(SolutionConfigurationPlatforms) = preSolution
		Debug|Any CPU = Debug|Any CPU
		Release|Any CPU = Release|Any CPU
	EndGlobalSection
	GlobalSection(ProjectConfigurationPlatforms) = postSolution
		{1FD4ACCA-F651-4F26-9CA4-CF1FA8EB98B6}.Debug|Any CPU.ActiveCfg = Debug|Any CPU
		{1FD4ACCA-F651-4F26-9CA4-CF1FA8EB98B6}.Debug|Any CPU.Build.0 = Debug|Any CPU
		{1FD4ACCA-F651-4F26-9CA4-CF1FA8EB98B6}.Release|Any CPU.ActiveCfg = Release|Any CPU
		{1FD4ACCA-F651-4F26-9CA4-CF1FA8EB98B6}.Release|Any CPU.Build.0 = Release|Any CPU
		{6502EE9A-7A84-401A-B4BC-2617145BA22A}.Debug|Any CPU.ActiveCfg = Debug|Any CPU
		{6502EE9A-7A84-401A-B4BC-2617145BA22A}.Debug|Any CPU.Build.0 = Debug|Any CPU
		{6502EE9A-7A84-401A-B4BC-2617145BA22A}.Release|Any CPU.ActiveCfg = Release|Any CPU
		{6502EE9A-7A84-401A-B4BC-2617145BA22A}.Release|Any CPU.Build.0 = Release|Any CPU
	EndGlobalSection
	GlobalSection(SolutionProperties) = preSolution
		HideSolutionNode = FALSE
	EndGlobalSection
	GlobalSection(ExtensibilityGlobals) = postSolution
		SolutionGuid = {BA26B13B-3629-4ECB-8EC0-39DDC52FEB95}
	EndGlobalSection
EndGlobal
